{
  "sources": {
    "logsanity": {
      "path": "."
    },
    "base": {
      "locked_version": "1.0.0",
      "git": "git://github.com/zimbatm/base-cookbook.git",
      "ref": "43f4ae890b68652600e20de71bc640f01a3c2c65"
    },
    "elasticsearch": {
      "locked_version": "0.3.3",
      "git": "git://github.com/elasticsearch/cookbook-elasticsearch.git",
      "ref": "62f3b952ad56431ca64473b550bae65694b84b98"
    },
    "ark": {
      "locked_version": "0.3.0"
    },
    "java": {
      "locked_version": "1.11.6"
    },
    "windows": {
      "locked_version": "1.10.0"
    },
    "chef_handler": {
      "locked_version": "1.1.4"
    },
    "nginx": {
      "locked_version": "1.7.0"
    },
    "build-essential": {
      "locked_version": "1.4.0"
    },
    "yum": {
      "locked_version": "2.3.0"
    },
    "apt": {
      "locked_version": "2.0.0"
    },
    "runit": {
      "locked_version": "1.1.6"
    },
    "ohai": {
      "locked_version": "1.1.10"
    },
    "logrotate": {
      "locked_version": "1.2.2"
    },
    "openssh": {
      "locked_version": "1.2.0"
    },
    "iptables": {
      "locked_version": "0.12.0"
    },
    "xml": {
      "locked_version": "1.1.2"
    },
    "monit": {
      "locked_version": "0.7.1"
    }
  }
}
