{
  "sources": {
    "logsanity": {
      "path": "."
    },
    "base": {
      "locked_version": "0.4.0",
      "git": "git://github.com/paasta/base-cookbook.git",
      "ref": "d881f8fb9a34616e10e7f9b76c9286e6d8c3f6b0"
    },
    "elasticsearch": {
      "locked_version": "0.3.7",
      "git": "git://github.com/elasticsearch/cookbook-elasticsearch.git",
      "ref": "05e90cc51ca237b42bc68ce148dfd8866efddb6c"
    },
    "ark": {
      "locked_version": "0.3.0"
    },
    "java": {
      "locked_version": "1.11.6"
    },
    "windows": {
      "locked_version": "1.10.0"
    },
    "chef_handler": {
      "locked_version": "1.1.4"
    },
    "logrotate": {
      "locked_version": "1.3.0"
    },
    "nginx": {
      "locked_version": "1.7.0"
    },
    "build-essential": {
      "locked_version": "1.4.2"
    },
    "yum": {
      "locked_version": "2.3.0"
    },
    "apt": {
      "locked_version": "2.2.0"
    },
    "runit": {
      "locked_version": "1.1.6"
    },
    "ohai": {
      "locked_version": "1.1.10"
    },
    "openssh": {
      "locked_version": "1.2.0"
    },
    "iptables": {
      "locked_version": "0.12.0"
    },
    "xml": {
      "locked_version": "1.1.2"
    },
    "monit": {
      "locked_version": "0.7.1"
    }
  }
}
